
Microsoft Visual Studio Solution File, Format Version 12.00
# Visual Studio Version 16
VisualStudioVersion = 16.0.29324.140
MinimumVisualStudioVersion = 10.0.40219.1
Project("{9A19103F-16F7-4668-BE54-9A1E7A4F7556}") = "Services", "Services\Services.csproj", "{A681FC00-E3D7-445A-9158-1D1447F3A29E}"
EndProject
Project("{9A19103F-16F7-4668-BE54-9A1E7A4F7556}") = "MultiTest", "MultiTest\MultiTest.csproj", "{D57E3FBA-CC6B-41A9-8229-5BFE87FAD2C5}"
EndProject
Global
	GlobalSection(SolutionConfigurationPlatforms) = preSolution
		Debug|Any CPU = Debug|Any CPU
		Release|Any CPU = Release|Any CPU
	EndGlobalSection
	GlobalSection(ProjectConfigurationPlatforms) = postSolution
		{A681FC00-E3D7-445A-9158-1D1447F3A29E}.Debug|Any CPU.ActiveCfg = Debug|Any CPU
		{A681FC00-E3D7-445A-9158-1D1447F3A29E}.Debug|Any CPU.Build.0 = Debug|Any CPU
		{A681FC00-E3D7-445A-9158-1D1447F3A29E}.Release|Any CPU.ActiveCfg = Release|Any CPU
		{A681FC00-E3D7-445A-9158-1D1447F3A29E}.Release|Any CPU.Build.0 = Release|Any CPU
		{D57E3FBA-CC6B-41A9-8229-5BFE87FAD2C5}.Debug|Any CPU.ActiveCfg = Debug|Any CPU
		{D57E3FBA-CC6B-41A9-8229-5BFE87FAD2C5}.Debug|Any CPU.Build.0 = Debug|Any CPU
		{D57E3FBA-CC6B-41A9-8229-5BFE87FAD2C5}.Release|Any CPU.ActiveCfg = Release|Any CPU
		{D57E3FBA-CC6B-41A9-8229-5BFE87FAD2C5}.Release|Any CPU.Build.0 = Release|Any CPU
	EndGlobalSection
	GlobalSection(SolutionProperties) = preSolution
		HideSolutionNode = FALSE
	EndGlobalSection
	GlobalSection(ExtensibilityGlobals) = postSolution
		SolutionGuid = {463274CF-4FB6-4553-B96C-2A2D791AA4F2}
	EndGlobalSection
EndGlobal
